
Microsoft Visual Studio Solution File, Format Version 12.00
# Visual Studio Version 17
VisualStudioVersion = 17.7.34018.315
MinimumVisualStudioVersion = 10.0.40219.1
Project("{FAE04EC0-301F-11D3-BF4B-00C04F79EFBC}") = "VillaQuestAPI", "VillaQuestAPI\VillaQuestAPI.csproj", "{F7D719B6-ABDA-40AB-93B8-9795734B4833}"
EndProject
Global
	GlobalSection(SolutionConfigurationPlatforms) = preSolution
		Debug|Any CPU = Debug|Any CPU
		Release|Any CPU = Release|Any CPU
	EndGlobalSection
	GlobalSection(ProjectConfigurationPlatforms) = postSolution
		{F7D719B6-ABDA-40AB-93B8-9795734B4833}.Debug|Any CPU.ActiveCfg = Debug|Any CPU
		{F7D719B6-ABDA-40AB-93B8-9795734B4833}.Debug|Any CPU.Build.0 = Debug|Any CPU
		{F7D719B6-ABDA-40AB-93B8-9795734B4833}.Release|Any CPU.ActiveCfg = Release|Any CPU
		{F7D719B6-ABDA-40AB-93B8-9795734B4833}.Release|Any CPU.Build.0 = Release|Any CPU
	EndGlobalSection
	GlobalSection(SolutionProperties) = preSolution
		HideSolutionNode = FALSE
	EndGlobalSection
	GlobalSection(ExtensibilityGlobals) = postSolution
		SolutionGuid = {BC995D13-5ED9-4CEE-8288-DA9E99EE317F}
	EndGlobalSection
EndGlobal
